PODS:
  - AFNetworking (3.2.1):
    - AFNetworking/NSURLSession (= 3.2.1)
    - AFNetworking/Reachability (= 3.2.1)
    - AFNetworking/Security (= 3.2.1)
    - AFNetworking/Serialization (= 3.2.1)
    - AFNetworking/UIKit (= 3.2.1)
  - AFNetworking/NSURLSession (3.2.1):
    - AFNetworking/Reachability
    - AFNetworking/Security
    - AFNetworking/Serialization
  - AFNetworking/Reachability (3.2.1)
  - AFNetworking/Security (3.2.1)
  - AFNetworking/Serialization (3.2.1)
  - AFNetworking/UIKit (3.2.1):
    - AFNetworking/NSURLSession
  - ARNetwork/Cache/Core (0.8.4):
    - ARNetwork/HTTP
    - Realm (= 3.21.0)
  - ARNetwork/Cache/Swift (0.8.4):
    - ARNetwork/Cache/Core
  - ARNetwork/Default (0.8.4):
    - ARNetwork/Cache/Core
    - ARNetwork/Detector
    - ARNetwork/HTTP
  - ARNetwork/Detector (0.8.4):
    - AFNetworking/UIKit (~> 3.2)
    - ARNetwork/HTTP
  - ARNetwork/HTTP (0.8.4):
    - AFNetworking (~> 3.2)
  - ARNetwork/Mock (0.8.4):
    - OHHTTPStubs (~> 8.0)
  - Expecta (1.0.6)
  - OHHTTPStubs (8.0.0):
    - OHHTTPStubs/Default (= 8.0.0)
  - OHHTTPStubs/Core (8.0.0)
  - OHHTTPStubs/Default (8.0.0):
    - OHHTTPStubs/Core
    - OHHTTPStubs/JSON
    - OHHTTPStubs/NSURLSession
    - OHHTTPStubs/OHPathHelpers
  - OHHTTPStubs/JSON (8.0.0):
    - OHHTTPStubs/Core
  - OHHTTPStubs/NSURLSession (8.0.0):
    - OHHTTPStubs/Core
  - OHHTTPStubs/OHPathHelpers (8.0.0)
  - Realm (3.21.0):
    - Realm/Headers (= 3.21.0)
  - Realm/Headers (3.21.0)
  - Specta (1.0.7)

DEPENDENCIES:
  - ARNetwork/Cache/Swift (from `../`)
  - ARNetwork/Default (from `../`)
  - ARNetwork/Mock (from `../`)
  - Expecta
  - Specta

SPEC REPOS:
  https://github.com/CocoaPods/Specs.git:
    - AFNetworking
    - Expecta
    - OHHTTPStubs
    - Realm
    - Specta

EXTERNAL SOURCES:
  ARNetwork:
    :path: "../"

SPEC CHECKSUMS:
  AFNetworking: b6f891fdfaed196b46c7a83cf209e09697b94057
  ARNetwork: a3754b77538331f70a6bc96783b73621816b0769
  Expecta: 3b6bd90a64b9a1dcb0b70aa0e10a7f8f631667d5
  OHHTTPStubs: 9cbce6364bec557cc3439aa6bb7514670d780881
  Realm: 38e9dcb19104b58407167d99f70d4995f7c16023
  Specta: 3e1bd89c3517421982dc4d1c992503e48bd5fe66

PODFILE CHECKSUM: 08ff387ced2808c7bb5ce99cff07480baecc6d3a

COCOAPODS: 1.8.4
