PODS:
  - AFNetworking (3.1.0):
    - AFNetworking/NSURLSession (= 3.1.0)
    - AFNetworking/Reachability (= 3.1.0)
    - AFNetworking/Security (= 3.1.0)
    - AFNetworking/Serialization (= 3.1.0)
    - AFNetworking/UIKit (= 3.1.0)
  - AFNetworking/NSURLSession (3.1.0):
    - AFNetworking/Reachability
    - AFNetworking/Security
    - AFNetworking/Serialization
  - AFNetworking/Reachability (3.1.0)
  - AFNetworking/Security (3.1.0)
  - AFNetworking/Serialization (3.1.0)
  - AFNetworking/UIKit (3.1.0):
    - AFNetworking/NSURLSession
  - ARNetwork (0.3.4):
    - ARNetwork/Cache (= 0.3.4)
    - ARNetwork/Detector (= 0.3.4)
    - ARNetwork/HTTP (= 0.3.4)
    - ARNetwork/HTTPDNS (= 0.3.4)
  - ARNetwork/Cache (0.3.4):
    - ARNetwork/HTTP
    - Realm (~> 2.5)
  - ARNetwork/Detector (0.3.4)
  - ARNetwork/HTTP (0.3.4):
    - AFNetworking (~> 3.1)
  - ARNetwork/HTTPDNS (0.3.4):
    - ARNetwork/HTTP
  - Expecta (1.0.5)
  - Realm (2.7.0):
    - Realm/Headers (= 2.7.0)
  - Realm/Headers (2.7.0)
  - Specta (1.0.6)

DEPENDENCIES:
  - ARNetwork (from `../`)
  - Expecta
  - Specta

EXTERNAL SOURCES:
  ARNetwork:
    :path: "../"

SPEC CHECKSUMS:
  AFNetworking: 5e0e199f73d8626b11e79750991f5d173d1f8b67
  ARNetwork: fc72c153e3a326656539b545ab7b09ba5e7b9498
  Expecta: e1c022fcd33910b6be89c291d2775b3fe27a89fe
  Realm: 07e5d3a9e0e41d65fd5f9f05150ed6295d0f093b
  Specta: f506f3a8361de16bc0dcf3b17b75e269072ba465

PODFILE CHECKSUM: 1ea42a6d11a68e4c9078bee13aabdcd168cfaf0a

COCOAPODS: 1.2.0
