PODS:
  - ARNetwork (0.3.4)
  - Expecta (1.0.5)
  - Specta (1.0.6)

DEPENDENCIES:
  - ARNetwork (from `../`)
  - Expecta
  - Specta

EXTERNAL SOURCES:
  ARNetwork:
    :path: "../"

SPEC CHECKSUMS:
  ARNetwork: d2f8cf1d5c30094175a6a79ac7bc4bdab2b0c8c2
  Expecta: e1c022fcd33910b6be89c291d2775b3fe27a89fe
  Specta: f506f3a8361de16bc0dcf3b17b75e269072ba465

PODFILE CHECKSUM: 1ea42a6d11a68e4c9078bee13aabdcd168cfaf0a

COCOAPODS: 1.2.0
